
Microsoft Visual Studio Solution File, Format Version 12.00
# Visual Studio Version 16
VisualStudioVersion = 16.0.31410.357
MinimumVisualStudioVersion = 10.0.40219.1
Project("{FAE04EC0-301F-11D3-BF4B-00C04F79EFBC}") = "7302AccountingNote", "7302AccountingNote.csproj", "{F314A3F2-2123-4E78-A0E6-ED4639FFA257}"
EndProject
Project("{FAE04EC0-301F-11D3-BF4B-00C04F79EFBC}") = "AccountingNote.Auth", "..\AccountingNote.Auth\AccountingNote.Auth.csproj", "{1BE9D066-7334-4561-A73B-C81EDD347C9F}"
EndProject
Project("{FAE04EC0-301F-11D3-BF4B-00C04F79EFBC}") = "AccountingNote.DBSource", "..\AccountingNote.DBSource\AccountingNote.DBSource.csproj", "{BCD278E3-57D4-44F1-8748-D9AB2A28708C}"
EndProject
Global
	GlobalSection(SolutionConfigurationPlatforms) = preSolution
		Debug|Any CPU = Debug|Any CPU
		Release|Any CPU = Release|Any CPU
	EndGlobalSection
	GlobalSection(ProjectConfigurationPlatforms) = postSolution
		{F314A3F2-2123-4E78-A0E6-ED4639FFA257}.Debug|Any CPU.ActiveCfg = Debug|Any CPU
		{F314A3F2-2123-4E78-A0E6-ED4639FFA257}.Debug|Any CPU.Build.0 = Debug|Any CPU
		{F314A3F2-2123-4E78-A0E6-ED4639FFA257}.Release|Any CPU.ActiveCfg = Release|Any CPU
		{F314A3F2-2123-4E78-A0E6-ED4639FFA257}.Release|Any CPU.Build.0 = Release|Any CPU
		{1BE9D066-7334-4561-A73B-C81EDD347C9F}.Debug|Any CPU.ActiveCfg = Debug|Any CPU
		{1BE9D066-7334-4561-A73B-C81EDD347C9F}.Debug|Any CPU.Build.0 = Debug|Any CPU
		{1BE9D066-7334-4561-A73B-C81EDD347C9F}.Release|Any CPU.ActiveCfg = Release|Any CPU
		{1BE9D066-7334-4561-A73B-C81EDD347C9F}.Release|Any CPU.Build.0 = Release|Any CPU
		{BCD278E3-57D4-44F1-8748-D9AB2A28708C}.Debug|Any CPU.ActiveCfg = Debug|Any CPU
		{BCD278E3-57D4-44F1-8748-D9AB2A28708C}.Debug|Any CPU.Build.0 = Debug|Any CPU
		{BCD278E3-57D4-44F1-8748-D9AB2A28708C}.Release|Any CPU.ActiveCfg = Release|Any CPU
		{BCD278E3-57D4-44F1-8748-D9AB2A28708C}.Release|Any CPU.Build.0 = Release|Any CPU
	EndGlobalSection
	GlobalSection(SolutionProperties) = preSolution
		HideSolutionNode = FALSE
	EndGlobalSection
	GlobalSection(ExtensibilityGlobals) = postSolution
		SolutionGuid = {E4BBEFE9-7FB5-49C8-97C6-5EF1401493D2}
	EndGlobalSection
EndGlobal
